// !$*UTF8*$!
{
	archiveVersion = 1;
	classes = {
	};
	objectVersion = 55;
	objects = {

/* Begin PBXBuildFile section */
		3C9956A026F724C000F21445 /* AppDelegate.swift in Sources */ = {isa = PBXBuildFile; fileRef = 3C99569F26F724C000F21445 /* AppDelegate.swift */; };
		3C9956A226F724C000F21445 /* ViewController.swift in Sources */ = {isa = PBXBuildFile; fileRef = 3C9956A126F724C000F21445 /* ViewController.swift */; };
		3C9956A726F724C000F21445 /* Main.storyboard in Resources */ = {isa = PBXBuildFile; fileRef = 3C9956A526F724C000F21445 /* Main.storyboard */; };
		3C9956A926F724C100F21445 /* Assets.xcassets in Resources */ = {isa = PBXBuildFile; fileRef = 3C9956A826F724C100F21445 /* Assets.xcassets */; };
		3C9956AC26F724C100F21445 /* LaunchScreen.storyboard in Resources */ = {isa = PBXBuildFile; fileRef = 3C9956AA26F724C100F21445 /* LaunchScreen.storyboard */; };
		3C9956B626F724C100F21445 /* _3_EarthTests.swift in Sources */ = {isa = PBXBuildFile; fileRef = 3C9956B526F724C100F21445 /* _3_EarthTests.swift */; };
		3C9956C026F724C100F21445 /* _3_EarthUITests.swift in Sources */ = {isa = PBXBuildFile; fileRef = 3C9956BF26F724C100F21445 /* _3_EarthUITests.swift */; };
		3C9956C226F724C100F21445 /* _3_EarthUITestsLaunchTests.swift in Sources */ = {isa = PBXBuildFile; fileRef = 3C9956C126F724C100F21445 /* _3_EarthUITestsLaunchTests.swift */; };
		3C9956CF26F724C800F21445 /* Earth.rcproject in Sources */ = {isa = PBXBuildFile; fileRef = 3C9956CE26F724C800F21445 /* Earth.rcproject */; };
		3C9956D126F7261B00F21445 /* earth albedo.jpg in Resources */ = {isa = PBXBuildFile; fileRef = 3C9956D026F7261B00F21445 /* earth albedo.jpg */; };
/* End PBXBuildFile section */

/* Begin PBXContainerItemProxy section */
		3C9956B226F724C100F21445 /* PBXContainerItemProxy */ = {
			isa = PBXContainerItemProxy;
			containerPortal = 3C99569426F724C000F21445 /* Project object */;
			proxyType = 1;
			remoteGlobalIDString = 3C99569B26F724C000F21445;
			remoteInfo = "03-Earth";
		};
		3C9956BC26F724C100F21445 /* PBXContainerItemProxy */ = {
			isa = PBXContainerItemProxy;
			containerPortal = 3C99569426F724C000F21445 /* Project object */;
			proxyType = 1;
			remoteGlobalIDString = 3C99569B26F724C000F21445;
			remoteInfo = "03-Earth";
		};
/* End PBXContainerItemProxy section */

/* Begin PBXFileReference section */
		3C99569C26F724C000F21445 /* 03-Earth.app */ = {isa = PBXFileReference; explicitFileType = wrapper.application; includeInIndex = 0; path = "03-Earth.app"; sourceTree = BUILT_PRODUCTS_DIR; };
		3C99569F26F724C000F21445 /* AppDelegate.swift */ = {isa = PBXFileReference; lastKnownFileType = sourcecode.swift; path = AppDelegate.swift; sourceTree = "<group>"; };
		3C9956A126F724C000F21445 /* ViewController.swift */ = {isa = PBXFileReference; lastKnownFileType = sourcecode.swift; path = ViewController.swift; sourceTree = "<group>"; };
		3C9956A626F724C000F21445 /* Base */ = {isa = PBXFileReference; lastKnownFileType = file.storyboard; name = Base; path = Base.lproj/Main.storyboard; sourceTree = "<group>"; };
		3C9956A826F724C100F21445 /* Assets.xcassets */ = {isa = PBXFileReference; lastKnownFileType = folder.assetcatalog; path = Assets.xcassets; sourceTree = "<group>"; };
		3C9956AB26F724C100F21445 /* Base */ = {isa = PBXFileReference; lastKnownFileType = file.storyboard; name = Base; path = Base.lproj/LaunchScreen.storyboard; sourceTree = "<group>"; };
		3C9956B126F724C100F21445 /* 03-EarthTests.xctest */ = {isa = PBXFileReference; explicitFileType = wrapper.cfbundle; includeInIndex = 0; path = "03-EarthTests.xctest"; sourceTree = BUILT_PRODUCTS_DIR; };
		3C9956B526F724C100F21445 /* _3_EarthTests.swift */ = {isa = PBXFileReference; lastKnownFileType = sourcecode.swift; path = _3_EarthTests.swift; sourceTree = "<group>"; };
		3C9956BB26F724C100F21445 /* 03-EarthUITests.xctest */ = {isa = PBXFileReference; explicitFileType = wrapper.cfbundle; includeInIndex = 0; path = "03-EarthUITests.xctest"; sourceTree = BUILT_PRODUCTS_DIR; };
		3C9956BF26F724C100F21445 /* _3_EarthUITests.swift */ = {isa = PBXFileReference; lastKnownFileType = sourcecode.swift; path = _3_EarthUITests.swift; sourceTree = "<group>"; };
		3C9956C126F724C100F21445 /* _3_EarthUITestsLaunchTests.swift */ = {isa = PBXFileReference; lastKnownFileType = sourcecode.swift; path = _3_EarthUITestsLaunchTests.swift; sourceTree = "<group>"; };
		3C9956CE26F724C800F21445 /* Earth.rcproject */ = {isa = PBXFileReference; lastKnownFileType = file.rcproject; path = Earth.rcproject; sourceTree = "<group>"; };
		3C9956D026F7261B00F21445 /* earth albedo.jpg */ = {isa = PBXFileReference; lastKnownFileType = image.jpeg; path = "earth albedo.jpg"; sourceTree = "<group>"; };
/* End PBXFileReference section */

/* Begin PBXFrameworksBuildPhase section */
		3C99569926F724C000F21445 /* Frameworks */ = {
			isa = PBXFrameworksBuildPhase;
			buildActionMask = 2147483647;
			files = (
			);
			runOnlyForDeploymentPostprocessing = 0;
		};
		3C9956AE26F724C100F21445 /* Frameworks */ = {
			isa = PBXFrameworksBuildPhase;
			buildActionMask = 2147483647;
			files = (
			);
			runOnlyForDeploymentPostprocessing = 0;
		};
		3C9956B826F724C100F21445 /* Frameworks */ = {
			isa = PBXFrameworksBuildPhase;
			buildActionMask = 2147483647;
			files = (
			);
			runOnlyForDeploymentPostprocessing = 0;
		};
/* End PBXFrameworksBuildPhase section */

/* Begin PBXGroup section */
		3C99569326F724C000F21445 = {
			isa = PBXGroup;
			children = (
				3C99569E26F724C000F21445 /* 03-Earth */,
				3C9956B426F724C100F21445 /* 03-EarthTests */,
				3C9956BE26F724C100F21445 /* 03-EarthUITests */,
				3C99569D26F724C000F21445 /* Products */,
			);
			sourceTree = "<group>";
		};
		3C99569D26F724C000F21445 /* Products */ = {
			isa = PBXGroup;
			children = (
				3C99569C26F724C000F21445 /* 03-Earth.app */,
				3C9956B126F724C100F21445 /* 03-EarthTests.xctest */,
				3C9956BB26F724C100F21445 /* 03-EarthUITests.xctest */,
			);
			name = Products;
			sourceTree = "<group>";
		};
		3C99569E26F724C000F21445 /* 03-Earth */ = {
			isa = PBXGroup;
			children = (
				3C99569F26F724C000F21445 /* AppDelegate.swift */,
				3C9956A126F724C000F21445 /* ViewController.swift */,
				3C9956CE26F724C800F21445 /* Earth.rcproject */,
				3C9956A526F724C000F21445 /* Main.storyboard */,
				3C9956D026F7261B00F21445 /* earth albedo.jpg */,
				3C9956A826F724C100F21445 /* Assets.xcassets */,
				3C9956AA26F724C100F21445 /* LaunchScreen.storyboard */,
			);
			path = "03-Earth";
			sourceTree = "<group>";
		};
		3C9956B426F724C100F21445 /* 03-EarthTests */ = {
			isa = PBXGroup;
			children = (
				3C9956B526F724C100F21445 /* _3_EarthTests.swift */,
			);
			path = "03-EarthTests";
			sourceTree = "<group>";
		};
		3C9956BE26F724C100F21445 /* 03-EarthUITests */ = {
			isa = PBXGroup;
			children = (
				3C9956BF26F724C100F21445 /* _3_EarthUITests.swift */,
				3C9956C126F724C100F21445 /* _3_EarthUITestsLaunchTests.swift */,
			);
			path = "03-EarthUITests";
			sourceTree = "<group>";
		};
/* End PBXGroup section */

/* Begin PBXNativeTarget section */
		3C99569B26F724C000F21445 /* 03-Earth */ = {
			isa = PBXNativeTarget;
			buildConfigurationList = 3C9956C526F724C100F21445 /* Build configuration list for PBXNativeTarget "03-Earth" */;
			buildPhases = (
				3C99569826F724C000F21445 /* Sources */,
				3C99569926F724C000F21445 /* Frameworks */,
				3C99569A26F724C000F21445 /* Resources */,
			);
			buildRules = (
			);
			dependencies = (
			);
			name = "03-Earth";
			productName = "03-Earth";
			productReference = 3C99569C26F724C000F21445 /* 03-Earth.app */;
			productType = "com.apple.product-type.application";
		};
		3C9956B026F724C100F21445 /* 03-EarthTests */ = {
			isa = PBXNativeTarget;
			buildConfigurationList = 3C9956C826F724C100F21445 /* Build configuration list for PBXNativeTarget "03-EarthTests" */;
			buildPhases = (
				3C9956AD26F724C100F21445 /* Sources */,
				3C9956AE26F724C100F21445 /* Frameworks */,
				3C9956AF26F724C100F21445 /* Resources */,
			);
			buildRules = (
			);
			dependencies = (
				3C9956B326F724C100F21445 /* PBXTargetDependency */,
			);
			name = "03-EarthTests";
			productName = "03-EarthTests";
			productReference = 3C9956B126F724C100F21445 /* 03-EarthTests.xctest */;
			productType = "com.apple.product-type.bundle.unit-test";
		};
		3C9956BA26F724C100F21445 /* 03-EarthUITests */ = {
			isa = PBXNativeTarget;
			buildConfigurationList = 3C9956CB26F724C100F21445 /* Build configuration list for PBXNativeTarget "03-EarthUITests" */;
			buildPhases = (
				3C9956B726F724C100F21445 /* Sources */,
				3C9956B826F724C100F21445 /* Frameworks */,
				3C9956B926F724C100F21445 /* Resources */,
			);
			buildRules = (
			);
			dependencies = (
				3C9956BD26F724C100F21445 /* PBXTargetDependency */,
			);
			name = "03-EarthUITests";
			productName = "03-EarthUITests";
			productReference = 3C9956BB26F724C100F21445 /* 03-EarthUITests.xctest */;
			productType = "com.apple.product-type.bundle.ui-testing";
		};
/* End PBXNativeTarget section */

/* Begin PBXProject section */
		3C99569426F724C000F21445 /* Project object */ = {
			isa = PBXProject;
			attributes = {
				BuildIndependentTargetsInParallel = 1;
				LastSwiftUpdateCheck = 1300;
				LastUpgradeCheck = 1300;
				TargetAttributes = {
					3C99569B26F724C000F21445 = {
						CreatedOnToolsVersion = 13.0;
					};
					3C9956B026F724C100F21445 = {
						CreatedOnToolsVersion = 13.0;
						TestTargetID = 3C99569B26F724C000F21445;
					};
					3C9956BA26F724C100F21445 = {
						CreatedOnToolsVersion = 13.0;
						TestTargetID = 3C99569B26F724C000F21445;
					};
				};
			};
			buildConfigurationList = 3C99569726F724C000F21445 /* Build configuration list for PBXProject "03-Earth" */;
			compatibilityVersion = "Xcode 13.0";
			developmentRegion = en;
			hasScannedForEncodings = 0;
			knownRegions = (
				en,
				Base,
			);
			mainGroup = 3C99569326F724C000F21445;
			productRefGroup = 3C99569D26F724C000F21445 /* Products */;
			projectDirPath = "";
			projectRoot = "";
			targets = (
				3C99569B26F724C000F21445 /* 03-Earth */,
				3C9956B026F724C100F21445 /* 03-EarthTests */,
				3C9956BA26F724C100F21445 /* 03-EarthUITests */,
			);
		};
/* End PBXProject section */

/* Begin PBXResourcesBuildPhase section */
		3C99569A26F724C000F21445 /* Resources */ = {
			isa = PBXResourcesBuildPhase;
			buildActionMask = 2147483647;
			files = (
				3C9956AC26F724C100F21445 /* LaunchScreen.storyboard in Resources */,
				3C9956A926F724C100F21445 /* Assets.xcassets in Resources */,
				3C9956D126F7261B00F21445 /* earth albedo.jpg in Resources */,
				3C9956A726F724C000F21445 /* Main.storyboard in Resources */,
			);
			runOnlyForDeploymentPostprocessing = 0;
		};
		3C9956AF26F724C100F21445 /* Resources */ = {
			isa = PBXResourcesBuildPhase;
			buildActionMask = 2147483647;
			files = (
			);
			runOnlyForDeploymentPostprocessing = 0;
		};
		3C9956B926F724C100F21445 /* Resources */ = {
			isa = PBXResourcesBuildPhase;
			buildActionMask = 2147483647;
			files = (
			);
			runOnlyForDeploymentPostprocessing = 0;
		};
/* End PBXResourcesBuildPhase section */

/* Begin PBXSourcesBuildPhase section */
		3C99569826F724C000F21445 /* Sources */ = {
			isa = PBXSourcesBuildPhase;
			buildActionMask = 2147483647;
			files = (
				3C9956A226F724C000F21445 /* ViewController.swift in Sources */,
				3C9956CF26F724C800F21445 /* Earth.rcproject in Sources */,
				3C9956A026F724C000F21445 /* AppDelegate.swift in Sources */,
			);
			runOnlyForDeploymentPostprocessing = 0;
		};
		3C9956AD26F724C100F21445 /* Sources */ = {
			isa = PBXSourcesBuildPhase;
			buildActionMask = 2147483647;
			files = (
				3C9956B626F724C100F21445 /* _3_EarthTests.swift in Sources */,
			);
			runOnlyForDeploymentPostprocessing = 0;
		};
		3C9956B726F724C100F21445 /* Sources */ = {
			isa = PBXSourcesBuildPhase;
			buildActionMask = 2147483647;
			files = (
				3C9956C226F724C100F21445 /* _3_EarthUITestsLaunchTests.swift in Sources */,
				3C9956C026F724C100F21445 /* _3_EarthUITests.swift in Sources */,
			);
			runOnlyForDeploymentPostprocessing = 0;
		};
/* End PBXSourcesBuildPhase section */

/* Begin PBXTargetDependency section */
		3C9956B326F724C100F21445 /* PBXTargetDependency */ = {
			isa = PBXTargetDependency;
			target = 3C99569B26F724C000F21445 /* 03-Earth */;
			targetProxy = 3C9956B226F724C100F21445 /* PBXContainerItemProxy */;
		};
		3C9956BD26F724C100F21445 /* PBXTargetDependency */ = {
			isa = PBXTargetDependency;
			target = 3C99569B26F724C000F21445 /* 03-Earth */;
			targetProxy = 3C9956BC26F724C100F21445 /* PBXContainerItemProxy */;
		};
/* End PBXTargetDependency section */

/* Begin PBXVariantGroup section */
		3C9956A526F724C000F21445 /* Main.storyboard */ = {
			isa = PBXVariantGroup;
			children = (
				3C9956A626F724C000F21445 /* Base */,
			);
			name = Main.storyboard;
			sourceTree = "<group>";
		};
		3C9956AA26F724C100F21445 /* LaunchScreen.storyboard */ = {
			isa = PBXVariantGroup;
			children = (
				3C9956AB26F724C100F21445 /* Base */,
			);
			name = LaunchScreen.storyboard;
			sourceTree = "<group>";
		};
/* End PBXVariantGroup section */

/* Begin XCBuildConfiguration section */
		3C9956C326F724C100F21445 /* Debug */ = {
			isa = XCBuildConfiguration;
			buildSettings = {
				ALWAYS_SEARCH_USER_PATHS = NO;
				CLANG_ANALYZER_NONNULL = YES;
				CLANG_ANALYZER_NUMBER_OBJECT_CONVERSION = YES_AGGRESSIVE;
				CLANG_CXX_LANGUAGE_STANDARD = "gnu++17";
				CLANG_CXX_LIBRARY = "libc++";
				CLANG_ENABLE_MODULES = YES;
				CLANG_ENABLE_OBJC_ARC = YES;
				CLANG_ENABLE_OBJC_WEAK = YES;
				CLANG_WARN_BLOCK_CAPTURE_AUTORELEASING = YES;
				CLANG_WARN_BOOL_CONVERSION = YES;
				CLANG_WARN_COMMA = YES;
				CLANG_WARN_CONSTANT_CONVERSION = YES;
				CLANG_WARN_DEPRECATED_OBJC_IMPLEMENTATIONS = YES;
				CLANG_WARN_DIRECT_OBJC_ISA_USAGE = YES_ERROR;
				CLANG_WARN_DOCUMENTATION_COMMENTS = YES;
				CLANG_WARN_EMPTY_BODY = YES;
				CLANG_WARN_ENUM_CONVERSION = YES;
				CLANG_WARN_INFINITE_RECURSION = YES;
				CLANG_WARN_INT_CONVERSION = YES;
				CLANG_WARN_NON_LITERAL_NULL_CONVERSION = YES;
				CLANG_WARN_OBJC_IMPLICIT_RETAIN_SELF = YES;
				CLANG_WARN_OBJC_LITERAL_CONVERSION = YES;
				CLANG_WARN_OBJC_ROOT_CLASS = YES_ERROR;
				CLANG_WARN_QUOTED_INCLUDE_IN_FRAMEWORK_HEADER = YES;
				CLANG_WARN_RANGE_LOOP_ANALYSIS = YES;
				CLANG_WARN_STRICT_PROTOTYPES = YES;
				CLANG_WARN_SUSPICIOUS_MOVE = YES;
				CLANG_WARN_UNGUARDED_AVAILABILITY = YES_AGGRESSIVE;
				CLANG_WARN_UNREACHABLE_CODE = YES;
				CLANG_WARN__DUPLICATE_METHOD_MATCH = YES;
				COPY_PHASE_STRIP = NO;
				DEBUG_INFORMATION_FORMAT = dwarf;
				ENABLE_STRICT_OBJC_MSGSEND = YES;
				ENABLE_TESTABILITY = YES;
				GCC_C_LANGUAGE_STANDARD = gnu11;
				GCC_DYNAMIC_NO_PIC = NO;
				GCC_NO_COMMON_BLOCKS = YES;
				GCC_OPTIMIZATION_LEVEL = 0;
				GCC_PREPROCESSOR_DEFINITIONS = (
					"DEBUG=1",
					"$(inherited)",
				);
				GCC_WARN_64_TO_32_BIT_CONVERSION = YES;
				GCC_WARN_ABOUT_RETURN_TYPE = YES_ERROR;
				GCC_WARN_UNDECLARED_SELECTOR = YES;
				GCC_WARN_UNINITIALIZED_AUTOS = YES_AGGRESSIVE;
				GCC_WARN_UNUSED_FUNCTION = YES;
				GCC_WARN_UNUSED_VARIABLE = YES;
				IPHONEOS_DEPLOYMENT_TARGET = 15.0;
				MTL_ENABLE_DEBUG_INFO = INCLUDE_SOURCE;
				MTL_FAST_MATH = YES;
				ONLY_ACTIVE_ARCH = YES;
				SDKROOT = iphoneos;
				SWIFT_ACTIVE_COMPILATION_CONDITIONS = DEBUG;
				SWIFT_OPTIMIZATION_LEVEL = "-Onone";
			};
			name = Debug;
		};
		3C9956C426F724C100F21445 /* Release */ = {
			isa = XCBuildConfiguration;
			buildSettings = {
				ALWAYS_SEARCH_USER_PATHS = NO;
				CLANG_ANALYZER_NONNULL = YES;
				CLANG_ANALYZER_NUMBER_OBJECT_CONVERSION = YES_AGGRESSIVE;
				CLANG_CXX_LANGUAGE_STANDARD = "gnu++17";
				CLANG_CXX_LIBRARY = "libc++";
				CLANG_ENABLE_MODULES = YES;
				CLANG_ENABLE_OBJC_ARC = YES;
				CLANG_ENABLE_OBJC_WEAK = YES;
				CLANG_WARN_BLOCK_CAPTURE_AUTORELEASING = YES;
				CLANG_WARN_BOOL_CONVERSION = YES;
				CLANG_WARN_COMMA = YES;
				CLANG_WARN_CONSTANT_CONVERSION = YES;
				CLANG_WARN_DEPRECATED_OBJC_IMPLEMENTATIONS = YES;
				CLANG_WARN_DIRECT_OBJC_ISA_USAGE = YES_ERROR;
				CLANG_WARN_DOCUMENTATION_COMMENTS = YES;
				CLANG_WARN_EMPTY_BODY = YES;
				CLANG_WARN_ENUM_CONVERSION = YES;
				CLANG_WARN_INFINITE_RECURSION = YES;
				CLANG_WARN_INT_CONVERSION = YES;
				CLANG_WARN_NON_LITERAL_NULL_CONVERSION = YES;
				CLANG_WARN_OBJC_IMPLICIT_RETAIN_SELF = YES;
				CLANG_WARN_OBJC_LITERAL_CONVERSION = YES;
				CLANG_WARN_OBJC_ROOT_CLASS = YES_ERROR;
				CLANG_WARN_QUOTED_INCLUDE_IN_FRAMEWORK_HEADER = YES;
				CLANG_WARN_RANGE_LOOP_ANALYSIS = YES;
				CLANG_WARN_STRICT_PROTOTYPES = YES;
				CLANG_WARN_SUSPICIOUS_MOVE = YES;
				CLANG_WARN_UNGUARDED_AVAILABILITY = YES_AGGRESSIVE;
				CLANG_WARN_UNREACHABLE_CODE = YES;
				CLANG_WARN__DUPLICATE_METHOD_MATCH = YES;
				COPY_PHASE_STRIP = NO;
				DEBUG_INFORMATION_FORMAT = "dwarf-with-dsym";
				ENABLE_NS_ASSERTIONS = NO;
				ENABLE_STRICT_OBJC_MSGSEND = YES;
				GCC_C_LANGUAGE_STANDARD = gnu11;
				GCC_NO_COMMON_BLOCKS = YES;
				GCC_WARN_64_TO_32_BIT_CONVERSION = YES;
				GCC_WARN_ABOUT_RETURN_TYPE = YES_ERROR;
				GCC_WARN_UNDECLARED_SELECTOR = YES;
				GCC_WARN_UNINITIALIZED_AUTOS = YES_AGGRESSIVE;
				GCC_WARN_UNUSED_FUNCTION = YES;
				GCC_WARN_UNUSED_VARIABLE = YES;
				IPHONEOS_DEPLOYMENT_TARGET = 15.0;
				MTL_ENABLE_DEBUG_INFO = NO;
				MTL_FAST_MATH = YES;
				SDKROOT = iphoneos;
				SWIFT_COMPILATION_MODE = wholemodule;
				SWIFT_OPTIMIZATION_LEVEL = "-O";
				VALIDATE_PRODUCT = YES;
			};
			name = Release;
		};
		3C9956C626F724C100F21445 /* Debug */ = {
			isa = XCBuildConfiguration;
			buildSettings = {
				ASSETCATALOG_COMPILER_APPICON_NAME = AppIcon;
				ASSETCATALOG_COMPILER_GLOBAL_ACCENT_COLOR_NAME = AccentColor;
				CODE_SIGN_STYLE = Automatic;
				CURRENT_PROJECT_VERSION = 1;
				DEVELOPMENT_TEAM = QF8H8R2NAV;
				GENERATE_INFOPLIST_FILE = YES;
				INFOPLIST_KEY_NSCameraUsageDescription = "";
				INFOPLIST_KEY_UIApplicationSupportsIndirectInputEvents = YES;
				INFOPLIST_KEY_UILaunchStoryboardName = LaunchScreen;
				INFOPLIST_KEY_UIMainStoryboardFile = Main;
				INFOPLIST_KEY_UIRequiredDeviceCapabilities = arkit;
				INFOPLIST_KEY_UIStatusBarHidden = YES;
				INFOPLIST_KEY_UISupportedInterfaceOrientations_iPad = "UIInterfaceOrientationPortrait UIInterfaceOrientationPortraitUpsideDown UIInterfaceOrientationLandscapeLeft UIInterfaceOrientationLandscapeRight";
				INFOPLIST_KEY_UISupportedInterfaceOrientations_iPhone = "UIInterfaceOrientationPortrait UIInterfaceOrientationLandscapeLeft UIInterfaceOrientationLandscapeRight";
				IPHONEOS_DEPLOYMENT_TARGET = 14.0;
				LD_RUNPATH_SEARCH_PATHS = (
					"$(inherited)",
					"@executable_path/Frameworks",
				);
				MARKETING_VERSION = 1.0;
				PRODUCT_BUNDLE_IDENTIFIER = "developer.abc.-3-Earth";
				PRODUCT_NAME = "$(TARGET_NAME)";
				SWIFT_EMIT_LOC_STRINGS = YES;
				SWIFT_VERSION = 5.0;
				TARGETED_DEVICE_FAMILY = "1,2";
			};
			name = Debug;
		};
		3C9956C726F724C100F21445 /* Release */ = {
			isa = XCBuildConfiguration;
			buildSettings = {
				ASSETCATALOG_COMPILER_APPICON_NAME = AppIcon;
				ASSETCATALOG_COMPILER_GLOBAL_ACCENT_COLOR_NAME = AccentColor;
				CODE_SIGN_STYLE = Automatic;
				CURRENT_PROJECT_VERSION = 1;
				DEVELOPMENT_TEAM = QF8H8R2NAV;
				GENERATE_INFOPLIST_FILE = YES;
				INFOPLIST_KEY_NSCameraUsageDescription = "";
				INFOPLIST_KEY_UIApplicationSupportsIndirectInputEvents = YES;
				INFOPLIST_KEY_UILaunchStoryboardName = LaunchScreen;
				INFOPLIST_KEY_UIMainStoryboardFile = Main;
				INFOPLIST_KEY_UIRequiredDeviceCapabilities = arkit;
				INFOPLIST_KEY_UIStatusBarHidden = YES;
				INFOPLIST_KEY_UISupportedInterfaceOrientations_iPad = "UIInterfaceOrientationPortrait UIInterfaceOrientationPortraitUpsideDown UIInterfaceOrientationLandscapeLeft UIInterfaceOrientationLandscapeRight";
				INFOPLIST_KEY_UISupportedInterfaceOrientations_iPhone = "UIInterfaceOrientationPortrait UIInterfaceOrientationLandscapeLeft UIInterfaceOrientationLandscapeRight";
				IPHONEOS_DEPLOYMENT_TARGET = 14.0;
				LD_RUNPATH_SEARCH_PATHS = (
					"$(inherited)",
					"@executable_path/Frameworks",
				);
				MARKETING_VERSION = 1.0;
				PRODUCT_BUNDLE_IDENTIFIER = "developer.abc.-3-Earth";
				PRODUCT_NAME = "$(TARGET_NAME)";
				SWIFT_EMIT_LOC_STRINGS = YES;
				SWIFT_VERSION = 5.0;
				TARGETED_DEVICE_FAMILY = "1,2";
			};
			name = Release;
		};
		3C9956C926F724C100F21445 /* Debug */ = {
			isa = XCBuildConfiguration;
			buildSettings = {
				ALWAYS_EMBED_SWIFT_STANDARD_LIBRARIES = YES;
				BUNDLE_LOADER = "$(TEST_HOST)";
				CODE_SIGN_STYLE = Automatic;
				CURRENT_PROJECT_VERSION = 1;
				DEVELOPMENT_TEAM = QF8H8R2NAV;
				GENERATE_INFOPLIST_FILE = YES;
				IPHONEOS_DEPLOYMENT_TARGET = 15.0;
				LD_RUNPATH_SEARCH_PATHS = (
					"$(inherited)",
					"@executable_path/Frameworks",
					"@loader_path/Frameworks",
				);
				MARKETING_VERSION = 1.0;
				PRODUCT_BUNDLE_IDENTIFIER = "developer.abc.-3-EarthTests";
				PRODUCT_NAME = "$(TARGET_NAME)";
				SWIFT_EMIT_LOC_STRINGS = NO;
				SWIFT_VERSION = 5.0;
				TARGETED_DEVICE_FAMILY = "1,2";
				TEST_HOST = "$(BUILT_PRODUCTS_DIR)/03-Earth.app/03-Earth";
			};
			name = Debug;
		};
		3C9956CA26F724C100F21445 /* Release */ = {
			isa = XCBuildConfiguration;
			buildSettings = {
				ALWAYS_EMBED_SWIFT_STANDARD_LIBRARIES = YES;
				BUNDLE_LOADER = "$(TEST_HOST)";
				CODE_SIGN_STYLE = Automatic;
				CURRENT_PROJECT_VERSION = 1;
				DEVELOPMENT_TEAM = QF8H8R2NAV;
				GENERATE_INFOPLIST_FILE = YES;
				IPHONEOS_DEPLOYMENT_TARGET = 15.0;
				LD_RUNPATH_SEARCH_PATHS = (
					"$(inherited)",
					"@executable_path/Frameworks",
					"@loader_path/Frameworks",
				);
				MARKETING_VERSION = 1.0;
				PRODUCT_BUNDLE_IDENTIFIER = "developer.abc.-3-EarthTests";
				PRODUCT_NAME = "$(TARGET_NAME)";
				SWIFT_EMIT_LOC_STRINGS = NO;
				SWIFT_VERSION = 5.0;
				TARGETED_DEVICE_FAMILY = "1,2";
				TEST_HOST = "$(BUILT_PRODUCTS_DIR)/03-Earth.app/03-Earth";
			};
			name = Release;
		};
		3C9956CC26F724C100F21445 /* Debug */ = {
			isa = XCBuildConfiguration;
			buildSettings = {
				ALWAYS_EMBED_SWIFT_STANDARD_LIBRARIES = YES;
				CODE_SIGN_STYLE = Automatic;
				CURRENT_PROJECT_VERSION = 1;
				DEVELOPMENT_TEAM = QF8H8R2NAV;
				GENERATE_INFOPLIST_FILE = YES;
				LD_RUNPATH_SEARCH_PATHS = (
					"$(inherited)",
					"@executable_path/Frameworks",
					"@loader_path/Frameworks",
				);
				MARKETING_VERSION = 1.0;
				PRODUCT_BUNDLE_IDENTIFIER = "developer.abc.-3-EarthUITests";
				PRODUCT_NAME = "$(TARGET_NAME)";
				SWIFT_EMIT_LOC_STRINGS = NO;
				SWIFT_VERSION = 5.0;
				TARGETED_DEVICE_FAMILY = "1,2";
				TEST_TARGET_NAME = "03-Earth";
			};
			name = Debug;
		};
		3C9956CD26F724C100F21445 /* Release */ = {
			isa = XCBuildConfiguration;
			buildSettings = {
				ALWAYS_EMBED_SWIFT_STANDARD_LIBRARIES = YES;
				CODE_SIGN_STYLE = Automatic;
				CURRENT_PROJECT_VERSION = 1;
				DEVELOPMENT_TEAM = QF8H8R2NAV;
				GENERATE_INFOPLIST_FILE = YES;
				LD_RUNPATH_SEARCH_PATHS = (
					"$(inherited)",
					"@executable_path/Frameworks",
					"@loader_path/Frameworks",
				);
				MARKETING_VERSION = 1.0;
				PRODUCT_BUNDLE_IDENTIFIER = "developer.abc.-3-EarthUITests";
				PRODUCT_NAME = "$(TARGET_NAME)";
				SWIFT_EMIT_LOC_STRINGS = NO;
				SWIFT_VERSION = 5.0;
				TARGETED_DEVICE_FAMILY = "1,2";
				TEST_TARGET_NAME = "03-Earth";
			};
			name = Release;
		};
/* End XCBuildConfiguration section */

/* Begin XCConfigurationList section */
		3C99569726F724C000F21445 /* Build configuration list for PBXProject "03-Earth" */ = {
			isa = XCConfigurationList;
			buildConfigurations = (
				3C9956C326F724C100F21445 /* Debug */,
				3C9956C426F724C100F21445 /* Release */,
			);
			defaultConfigurationIsVisible = 0;
			defaultConfigurationName = Release;
		};
		3C9956C526F724C100F21445 /* Build configuration list for PBXNativeTarget "03-Earth" */ = {
			isa = XCConfigurationList;
			buildConfigurations = (
				3C9956C626F724C100F21445 /* Debug */,
				3C9956C726F724C100F21445 /* Release */,
			);
			defaultConfigurationIsVisible = 0;
			defaultConfigurationName = Release;
		};
		3C9956C826F724C100F21445 /* Build configuration list for PBXNativeTarget "03-EarthTests" */ = {
			isa = XCConfigurationList;
			buildConfigurations = (
				3C9956C926F724C100F21445 /* Debug */,
				3C9956CA26F724C100F21445 /* Release */,
			);
			defaultConfigurationIsVisible = 0;
			defaultConfigurationName = Release;
		};
		3C9956CB26F724C100F21445 /* Build configuration list for PBXNativeTarget "03-EarthUITests" */ = {
			isa = XCConfigurationList;
			buildConfigurations = (
				3C9956CC26F724C100F21445 /* Debug */,
				3C9956CD26F724C100F21445 /* Release */,
			);
			defaultConfigurationIsVisible = 0;
			defaultConfigurationName = Release;
		};
/* End XCConfigurationList section */
	};
	rootObject = 3C99569426F724C000F21445 /* Project object */;
}
